
Microsoft Visual Studio Solution File, Format Version 12.00
# Visual Studio Version 16
VisualStudioVersion = 16.0.31229.75
MinimumVisualStudioVersion = 10.0.40219.1
Project("{FAE04EC0-301F-11D3-BF4B-00C04F79EFBC}") = "PostLand.Domain", "PostLand.Domain\PostLand.Domain.csproj", "{6BEF7DFC-577B-4659-B30C-32701C7B4F7B}"
EndProject
Project("{2150E333-8FDC-42A3-9474-1A3956D46DE8}") = "src", "src", "{BCF4979B-11F9-4F71-B011-19D6F5487B82}"
EndProject
Project("{2150E333-8FDC-42A3-9474-1A3956D46DE8}") = "test", "test", "{BA4461BD-1EB5-423C-850C-6CCF20EFCFB2}"
EndProject
Project("{2150E333-8FDC-42A3-9474-1A3956D46DE8}") = "Core", "Core", "{D1160BEB-AEE5-47D7-92EA-CAC05B6E9F64}"
EndProject
Project("{2150E333-8FDC-42A3-9474-1A3956D46DE8}") = "Infrastructure", "Infrastructure", "{A585386A-3DE7-4182-B7EE-30E13F4334A3}"
EndProject
Project("{2150E333-8FDC-42A3-9474-1A3956D46DE8}") = "UI", "UI", "{EC37559A-C171-44F0-95E6-6C6446BF38C4}"
EndProject
Project("{2150E333-8FDC-42A3-9474-1A3956D46DE8}") = "Api", "Api", "{8331D8CB-7094-40DA-9146-E6D0610726C7}"
EndProject
Project("{FAE04EC0-301F-11D3-BF4B-00C04F79EFBC}") = "PostLand.Application", "PostLand.Application\PostLand.Application.csproj", "{A64EAEFA-83A6-4E2F-AB51-7248A68DC634}"
EndProject
Project("{FAE04EC0-301F-11D3-BF4B-00C04F79EFBC}") = "PostLand.Persistence", "PostLand.Persistence\PostLand.Persistence.csproj", "{1807CF1C-19BA-4AB5-8E93-77EF5FDF60C4}"
EndProject
Project("{FAE04EC0-301F-11D3-BF4B-00C04F79EFBC}") = "PostLand.Api", "PostLand.Api\PostLand.Api.csproj", "{41D2FB61-63CE-4090-8EA3-80F640AAD9F8}"
EndProject
Global
	GlobalSection(SolutionConfigurationPlatforms) = preSolution
		Debug|Any CPU = Debug|Any CPU
		Release|Any CPU = Release|Any CPU
	EndGlobalSection
	GlobalSection(ProjectConfigurationPlatforms) = postSolution
		{6BEF7DFC-577B-4659-B30C-32701C7B4F7B}.Debug|Any CPU.ActiveCfg = Debug|Any CPU
		{6BEF7DFC-577B-4659-B30C-32701C7B4F7B}.Debug|Any CPU.Build.0 = Debug|Any CPU
		{6BEF7DFC-577B-4659-B30C-32701C7B4F7B}.Release|Any CPU.ActiveCfg = Release|Any CPU
		{6BEF7DFC-577B-4659-B30C-32701C7B4F7B}.Release|Any CPU.Build.0 = Release|Any CPU
		{A64EAEFA-83A6-4E2F-AB51-7248A68DC634}.Debug|Any CPU.ActiveCfg = Debug|Any CPU
		{A64EAEFA-83A6-4E2F-AB51-7248A68DC634}.Debug|Any CPU.Build.0 = Debug|Any CPU
		{A64EAEFA-83A6-4E2F-AB51-7248A68DC634}.Release|Any CPU.ActiveCfg = Release|Any CPU
		{A64EAEFA-83A6-4E2F-AB51-7248A68DC634}.Release|Any CPU.Build.0 = Release|Any CPU
		{1807CF1C-19BA-4AB5-8E93-77EF5FDF60C4}.Debug|Any CPU.ActiveCfg = Debug|Any CPU
		{1807CF1C-19BA-4AB5-8E93-77EF5FDF60C4}.Debug|Any CPU.Build.0 = Debug|Any CPU
		{1807CF1C-19BA-4AB5-8E93-77EF5FDF60C4}.Release|Any CPU.ActiveCfg = Release|Any CPU
		{1807CF1C-19BA-4AB5-8E93-77EF5FDF60C4}.Release|Any CPU.Build.0 = Release|Any CPU
		{41D2FB61-63CE-4090-8EA3-80F640AAD9F8}.Debug|Any CPU.ActiveCfg = Debug|Any CPU
		{41D2FB61-63CE-4090-8EA3-80F640AAD9F8}.Debug|Any CPU.Build.0 = Debug|Any CPU
		{41D2FB61-63CE-4090-8EA3-80F640AAD9F8}.Release|Any CPU.ActiveCfg = Release|Any CPU
		{41D2FB61-63CE-4090-8EA3-80F640AAD9F8}.Release|Any CPU.Build.0 = Release|Any CPU
	EndGlobalSection
	GlobalSection(SolutionProperties) = preSolution
		HideSolutionNode = FALSE
	EndGlobalSection
	GlobalSection(NestedProjects) = preSolution
		{6BEF7DFC-577B-4659-B30C-32701C7B4F7B} = {D1160BEB-AEE5-47D7-92EA-CAC05B6E9F64}
		{D1160BEB-AEE5-47D7-92EA-CAC05B6E9F64} = {BCF4979B-11F9-4F71-B011-19D6F5487B82}
		{A585386A-3DE7-4182-B7EE-30E13F4334A3} = {BCF4979B-11F9-4F71-B011-19D6F5487B82}
		{EC37559A-C171-44F0-95E6-6C6446BF38C4} = {BCF4979B-11F9-4F71-B011-19D6F5487B82}
		{8331D8CB-7094-40DA-9146-E6D0610726C7} = {BCF4979B-11F9-4F71-B011-19D6F5487B82}
		{A64EAEFA-83A6-4E2F-AB51-7248A68DC634} = {D1160BEB-AEE5-47D7-92EA-CAC05B6E9F64}
		{1807CF1C-19BA-4AB5-8E93-77EF5FDF60C4} = {A585386A-3DE7-4182-B7EE-30E13F4334A3}
		{41D2FB61-63CE-4090-8EA3-80F640AAD9F8} = {8331D8CB-7094-40DA-9146-E6D0610726C7}
	EndGlobalSection
	GlobalSection(ExtensibilityGlobals) = postSolution
		SolutionGuid = {473E8A91-AEC5-48B6-85B4-91119AD7AC79}
	EndGlobalSection
EndGlobal
